
Microsoft Visual Studio Solution File, Format Version 12.00
Project("{F2A71F9B-5D33-465A-A702-920D77279786}") = "Lst.Tests", "Lst.Tests\Lst.Tests.fsproj", "{51F00931-CCED-4072-969C-0240E0E375CF}"
EndProject
Project("{F2A71F9B-5D33-465A-A702-920D77279786}") = "Lst.Api", "Lst.Api\Lst.Api.fsproj", "{7D47986B-26F9-4D82-8AC3-E3909E17CD67}"
EndProject
Project("{F2A71F9B-5D33-465A-A702-920D77279786}") = "Lst.Model", "Lst.Model\Lst.Model.fsproj", "{6642EB75-7B68-4525-BC15-D8E0FE825043}"
EndProject
Project("{FAE04EC0-301F-11D3-BF4B-00C04F79EFBC}") = "Lst.WindowsService", "Lst.WindowsService\Lst.WindowsService.csproj", "{6AB96A4A-513A-4CD0-84B2-8528B3DEAA57}"
EndProject
Global
	GlobalSection(SolutionConfigurationPlatforms) = preSolution
		Debug|Any CPU = Debug|Any CPU
		Release|Any CPU = Release|Any CPU
	EndGlobalSection
	GlobalSection(ProjectConfigurationPlatforms) = postSolution
		{51F00931-CCED-4072-969C-0240E0E375CF}.Debug|Any CPU.ActiveCfg = Debug|Any CPU
		{51F00931-CCED-4072-969C-0240E0E375CF}.Debug|Any CPU.Build.0 = Debug|Any CPU
		{51F00931-CCED-4072-969C-0240E0E375CF}.Release|Any CPU.ActiveCfg = Release|Any CPU
		{51F00931-CCED-4072-969C-0240E0E375CF}.Release|Any CPU.Build.0 = Release|Any CPU
		{7D47986B-26F9-4D82-8AC3-E3909E17CD67}.Debug|Any CPU.ActiveCfg = Debug|Any CPU
		{7D47986B-26F9-4D82-8AC3-E3909E17CD67}.Debug|Any CPU.Build.0 = Debug|Any CPU
		{7D47986B-26F9-4D82-8AC3-E3909E17CD67}.Release|Any CPU.ActiveCfg = Release|Any CPU
		{7D47986B-26F9-4D82-8AC3-E3909E17CD67}.Release|Any CPU.Build.0 = Release|Any CPU
		{6642EB75-7B68-4525-BC15-D8E0FE825043}.Debug|Any CPU.ActiveCfg = Debug|Any CPU
		{6642EB75-7B68-4525-BC15-D8E0FE825043}.Debug|Any CPU.Build.0 = Debug|Any CPU
		{6642EB75-7B68-4525-BC15-D8E0FE825043}.Release|Any CPU.ActiveCfg = Release|Any CPU
		{6642EB75-7B68-4525-BC15-D8E0FE825043}.Release|Any CPU.Build.0 = Release|Any CPU
		{6AB96A4A-513A-4CD0-84B2-8528B3DEAA57}.Debug|Any CPU.ActiveCfg = Debug|Any CPU
		{6AB96A4A-513A-4CD0-84B2-8528B3DEAA57}.Debug|Any CPU.Build.0 = Debug|Any CPU
		{6AB96A4A-513A-4CD0-84B2-8528B3DEAA57}.Release|Any CPU.ActiveCfg = Release|Any CPU
		{6AB96A4A-513A-4CD0-84B2-8528B3DEAA57}.Release|Any CPU.Build.0 = Release|Any CPU
	EndGlobalSection
EndGlobal
